schema: '2.0'
stages:
  data_ingestion:
    cmd: python src/data_ingestion.py
    deps:
    - path: src/data_ingestion.py
      hash: md5
      md5: cd82ae407ce02691cf306d4245e72f19
      size: 3593
    params:
      params.yaml:
        data_ingestion.test_size: 0.3
    outs:
    - path: data/raw
      hash: md5
      md5: d26befd2dda9438254177d9000d9ba1f.dir
      size: 484846
      nfiles: 2
  data_preprocess:
    cmd: python src/data_preprocess.py
    deps:
    - path: data/raw
      hash: md5
      md5: d26befd2dda9438254177d9000d9ba1f.dir
      size: 484846
      nfiles: 2
    - path: src/data_preprocess.py
      hash: md5
      md5: cfa039a2013be4e1e7369509044035f0
      size: 3967
    outs:
    - path: data/interim
      hash: md5
      md5: 61ca13b2e20854a1f7bacbbcfeca409e.dir
      size: 262513
      nfiles: 2
  feature_engineering:
    cmd: python src/feature_engineering.py
    deps:
    - path: data/interim
      hash: md5
      md5: 61ca13b2e20854a1f7bacbbcfeca409e.dir
      size: 262513
      nfiles: 2
    - path: src/feature_engineering.py
      hash: md5
      md5: 9000c4cbafcaca3464664391d46659d2
      size: 3909
    params:
      params.yaml:
        feature_engineering.max_features: 25
    outs:
    - path: data/processed
      hash: md5
      md5: e4c4a3f87abea1c5da52b40b3600493d.dir
      size: 605890
      nfiles: 2
  model_building:
    cmd: python src/model_train.py
    deps:
    - path: data/processed
      hash: md5
      md5: c0d85ddb7ab99b6171fc723bffeee71f.dir
      size: 1180012
      nfiles: 2
    - path: src/model_train.py
      hash: md5
      md5: 18c4b024ff95c10eeba633fb8d33e90a
      size: 4512
    outs:
    - path: models/model.pkl
      hash: md5
      md5: cc53954c96398365c9887371796a6f38
      size: 899326
  model_evaluation:
    cmd: python src/model_evaluation.py
    deps:
    - path: models/model.pkl
      hash: md5
      md5: c981dec84fb42c1aa710bfb00f434638
      size: 105611
    - path: src/model_evaluation.py
      hash: md5
      md5: 89e8fb7a0987a5e50e36d375e04984a7
      size: 4696
    outs:
    - path: reports/metrics.json
      hash: md5
      md5: de2f8f22cb6a2c359d3408338429cfd3
      size: 144
  model_train:
    cmd: python src/model_train.py
    deps:
    - path: data/processed
      hash: md5
      md5: e4c4a3f87abea1c5da52b40b3600493d.dir
      size: 605890
      nfiles: 2
    - path: src/model_train.py
      hash: md5
      md5: c552c021284651e1caadeef387d375c6
      size: 4477
    params:
      params.yaml:
        model_train.n_estimators: 5
        model_train.random_state: 42
    outs:
    - path: models/model.pkl
      hash: md5
      md5: c981dec84fb42c1aa710bfb00f434638
      size: 105611
